
Microsoft Visual Studio Solution File, Format Version 12.00
# Visual Studio Version 17
VisualStudioVersion = 17.11.35431.28
MinimumVisualStudioVersion = 10.0.40219.1
Project("{9A19103F-16F7-4668-BE54-9A1E7A4F7556}") = "SharedModel", "Model\SharedModel.csproj", "{8C534B4E-2FCC-4F2B-B3E9-BBDEC2E94976}"
EndProject
Project("{9A19103F-16F7-4668-BE54-9A1E7A4F7556}") = "BizLogicLayer", "BizLogicLayer\BizLogicLayer.csproj", "{748DBC8A-0C88-4844-BE90-BD4A52A31ACC}"
EndProject
Project("{9A19103F-16F7-4668-BE54-9A1E7A4F7556}") = "DataLayer", "DataLayer\DataLayer.csproj", "{2DE99634-47F4-4FC6-B7B8-4667006623DF}"
EndProject
Project("{9A19103F-16F7-4668-BE54-9A1E7A4F7556}") = "BlazorClient2", "BlazorClient2\BlazorClient2.csproj", "{3B15A8C2-0F96-423F-8C7A-A00AB0345FDC}"
EndProject
Global
	GlobalSection(SolutionConfigurationPlatforms) = preSolution
		Debug|Any CPU = Debug|Any CPU
		Release|Any CPU = Release|Any CPU
	EndGlobalSection
	GlobalSection(ProjectConfigurationPlatforms) = postSolution
		{8C534B4E-2FCC-4F2B-B3E9-BBDEC2E94976}.Debug|Any CPU.ActiveCfg = Debug|Any CPU
		{8C534B4E-2FCC-4F2B-B3E9-BBDEC2E94976}.Debug|Any CPU.Build.0 = Debug|Any CPU
		{8C534B4E-2FCC-4F2B-B3E9-BBDEC2E94976}.Release|Any CPU.ActiveCfg = Release|Any CPU
		{8C534B4E-2FCC-4F2B-B3E9-BBDEC2E94976}.Release|Any CPU.Build.0 = Release|Any CPU
		{748DBC8A-0C88-4844-BE90-BD4A52A31ACC}.Debug|Any CPU.ActiveCfg = Debug|Any CPU
		{748DBC8A-0C88-4844-BE90-BD4A52A31ACC}.Debug|Any CPU.Build.0 = Debug|Any CPU
		{748DBC8A-0C88-4844-BE90-BD4A52A31ACC}.Release|Any CPU.ActiveCfg = Release|Any CPU
		{748DBC8A-0C88-4844-BE90-BD4A52A31ACC}.Release|Any CPU.Build.0 = Release|Any CPU
		{2DE99634-47F4-4FC6-B7B8-4667006623DF}.Debug|Any CPU.ActiveCfg = Debug|Any CPU
		{2DE99634-47F4-4FC6-B7B8-4667006623DF}.Debug|Any CPU.Build.0 = Debug|Any CPU
		{2DE99634-47F4-4FC6-B7B8-4667006623DF}.Release|Any CPU.ActiveCfg = Release|Any CPU
		{2DE99634-47F4-4FC6-B7B8-4667006623DF}.Release|Any CPU.Build.0 = Release|Any CPU
		{3B15A8C2-0F96-423F-8C7A-A00AB0345FDC}.Debug|Any CPU.ActiveCfg = Debug|Any CPU
		{3B15A8C2-0F96-423F-8C7A-A00AB0345FDC}.Debug|Any CPU.Build.0 = Debug|Any CPU
		{3B15A8C2-0F96-423F-8C7A-A00AB0345FDC}.Release|Any CPU.ActiveCfg = Release|Any CPU
		{3B15A8C2-0F96-423F-8C7A-A00AB0345FDC}.Release|Any CPU.Build.0 = Release|Any CPU
	EndGlobalSection
	GlobalSection(SolutionProperties) = preSolution
		HideSolutionNode = FALSE
	EndGlobalSection
	GlobalSection(ExtensibilityGlobals) = postSolution
		SolutionGuid = {3C68CDA2-DD6E-468B-A364-FF17EBE4D160}
	EndGlobalSection
EndGlobal
